
Microsoft Visual Studio Solution File, Format Version 12.00
# Visual Studio Version 16
VisualStudioVersion = 16.0.34031.81
MinimumVisualStudioVersion = 10.0.40219.1
Project("{FAE04EC0-301F-11D3-BF4B-00C04F79EFBC}") = "BookListClient", "BookListClient\BookListClient.csproj", "{76DCC25C-94F9-4EBE-A323-BC65D3BE5D15}"
EndProject
Global
	GlobalSection(SolutionConfigurationPlatforms) = preSolution
		Debug|Any CPU = Debug|Any CPU
		Release|Any CPU = Release|Any CPU
	EndGlobalSection
	GlobalSection(ProjectConfigurationPlatforms) = postSolution
		{76DCC25C-94F9-4EBE-A323-BC65D3BE5D15}.Debug|Any CPU.ActiveCfg = Debug|Any CPU
		{76DCC25C-94F9-4EBE-A323-BC65D3BE5D15}.Debug|Any CPU.Build.0 = Debug|Any CPU
		{76DCC25C-94F9-4EBE-A323-BC65D3BE5D15}.Release|Any CPU.ActiveCfg = Release|Any CPU
		{76DCC25C-94F9-4EBE-A323-BC65D3BE5D15}.Release|Any CPU.Build.0 = Release|Any CPU
	EndGlobalSection
	GlobalSection(SolutionProperties) = preSolution
		HideSolutionNode = FALSE
	EndGlobalSection
	GlobalSection(ExtensibilityGlobals) = postSolution
		SolutionGuid = {76181DAD-A0E1-4B36-A14C-D179D228844D}
	EndGlobalSection
EndGlobal
